# This file is automatically @generated by Cargo.
# It is not intended for manual editing.
version = 4

[[package]]
name = "cv_depender"
version = "0.1.0"
dependencies = [
 "cv_just_prerelease 0.1.0-b.2",
 "cv_wrapper 0.1.1 (registry+https://github.com/rust-lang/crates.io-index)",
]

[[package]]
name = "cv_just_prerelease"
version = "0.1.0-a.99"

[[package]]
name = "cv_just_prerelease"
version = "0.1.0-b.2"
source = "registry+https://github.com/rust-lang/crates.io-index"
checksum = "cb94ebed9b7e2d46c192470cfea988cee1eb20ae8a304d0bd2a19fc2f3e180ae"

[[package]]
name = "cv_wrapper"
version = "0.1.1"
dependencies = [
 "cv_just_prerelease 0.1.0-b.2",
]

[[package]]
name = "cv_wrapper"
version = "0.1.1"
source = "registry+https://github.com/rust-lang/crates.io-index"
checksum = "2d9c700d10a4883257abb4fc5494e57e86493b6521899250c4c6620361aba28a"
dependencies = [
 "cv_just_prerelease 0.1.0-b.2",
]
